
Microsoft Visual Studio Solution File, Format Version 12.00
# Visual Studio Version 17
VisualStudioVersion = 17.9.34616.47
MinimumVisualStudioVersion = 10.0.40219.1
Project("{FAE04EC0-301F-11D3-BF4B-00C04F79EFBC}") = "ESTRUCTURADEDATOS", "ESTRUCTURADEDATOS\ESTRUCTURADEDATOS.csproj", "{96483EE2-2388-4FE8-BD6E-D5BCA1676E6E}"
EndProject
Project("{FAE04EC0-301F-11D3-BF4B-00C04F79EFBC}") = "DOMINIO", "DOMINIO\DOMINIO.csproj", "{024571AF-35B2-4D0A-9144-F913B1968926}"
EndProject
Project("{FAE04EC0-301F-11D3-BF4B-00C04F79EFBC}") = "GESTION", "GESTION\GESTION.csproj", "{71A7CDAC-5607-4EC5-82BB-3BB9777F2006}"
EndProject
Global
	GlobalSection(SolutionConfigurationPlatforms) = preSolution
		Debug|Any CPU = Debug|Any CPU
		Release|Any CPU = Release|Any CPU
	EndGlobalSection
	GlobalSection(ProjectConfigurationPlatforms) = postSolution
		{96483EE2-2388-4FE8-BD6E-D5BCA1676E6E}.Debug|Any CPU.ActiveCfg = Debug|Any CPU
		{96483EE2-2388-4FE8-BD6E-D5BCA1676E6E}.Debug|Any CPU.Build.0 = Debug|Any CPU
		{96483EE2-2388-4FE8-BD6E-D5BCA1676E6E}.Release|Any CPU.ActiveCfg = Release|Any CPU
		{96483EE2-2388-4FE8-BD6E-D5BCA1676E6E}.Release|Any CPU.Build.0 = Release|Any CPU
		{024571AF-35B2-4D0A-9144-F913B1968926}.Debug|Any CPU.ActiveCfg = Debug|Any CPU
		{024571AF-35B2-4D0A-9144-F913B1968926}.Debug|Any CPU.Build.0 = Debug|Any CPU
		{024571AF-35B2-4D0A-9144-F913B1968926}.Release|Any CPU.ActiveCfg = Release|Any CPU
		{024571AF-35B2-4D0A-9144-F913B1968926}.Release|Any CPU.Build.0 = Release|Any CPU
		{71A7CDAC-5607-4EC5-82BB-3BB9777F2006}.Debug|Any CPU.ActiveCfg = Debug|Any CPU
		{71A7CDAC-5607-4EC5-82BB-3BB9777F2006}.Debug|Any CPU.Build.0 = Debug|Any CPU
		{71A7CDAC-5607-4EC5-82BB-3BB9777F2006}.Release|Any CPU.ActiveCfg = Release|Any CPU
		{71A7CDAC-5607-4EC5-82BB-3BB9777F2006}.Release|Any CPU.Build.0 = Release|Any CPU
	EndGlobalSection
	GlobalSection(SolutionProperties) = preSolution
		HideSolutionNode = FALSE
	EndGlobalSection
	GlobalSection(ExtensibilityGlobals) = postSolution
		SolutionGuid = {C38274EB-5C76-4BD8-96A9-7B577ACF3188}
	EndGlobalSection
EndGlobal
